
Microsoft Visual Studio Solution File, Format Version 12.00
# Visual Studio Version 16
VisualStudioVersion = 16.0.29503.13
MinimumVisualStudioVersion = 10.0.40219.1
Project("{FAE04EC0-301F-11D3-BF4B-00C04F79EFBC}") = "MyBiblioteca.Web", "MyBiblioteca.Web\MyBiblioteca.Web.csproj", "{09825123-4EBA-4F48-B17F-763E6071A575}"
EndProject
Global
	GlobalSection(SolutionConfigurationPlatforms) = preSolution
		Debug|Any CPU = Debug|Any CPU
		Release|Any CPU = Release|Any CPU
	EndGlobalSection
	GlobalSection(ProjectConfigurationPlatforms) = postSolution
		{09825123-4EBA-4F48-B17F-763E6071A575}.Debug|Any CPU.ActiveCfg = Debug|Any CPU
		{09825123-4EBA-4F48-B17F-763E6071A575}.Debug|Any CPU.Build.0 = Debug|Any CPU
		{09825123-4EBA-4F48-B17F-763E6071A575}.Release|Any CPU.ActiveCfg = Release|Any CPU
		{09825123-4EBA-4F48-B17F-763E6071A575}.Release|Any CPU.Build.0 = Release|Any CPU
	EndGlobalSection
	GlobalSection(SolutionProperties) = preSolution
		HideSolutionNode = FALSE
	EndGlobalSection
	GlobalSection(ExtensibilityGlobals) = postSolution
		SolutionGuid = {FEA1C1F6-F6AE-4A2B-A138-A054BBE21D36}
	EndGlobalSection
EndGlobal
